
Microsoft Visual Studio Solution File, Format Version 12.00
# Visual Studio Version 17
VisualStudioVersion = 17.6.33815.320
MinimumVisualStudioVersion = 10.0.40219.1
Project("{FAE04EC0-301F-11D3-BF4B-00C04F79EFBC}") = "CAMPUS", "CAMPUS.csproj", "{B24C1FF3-C5E0-4B61-BF5A-D354A249961A}"
EndProject
Global
	GlobalSection(SolutionConfigurationPlatforms) = preSolution
		Debug|Any CPU = Debug|Any CPU
		Release|Any CPU = Release|Any CPU
	EndGlobalSection
	GlobalSection(ProjectConfigurationPlatforms) = postSolution
		{B24C1FF3-C5E0-4B61-BF5A-D354A249961A}.Debug|Any CPU.ActiveCfg = Debug|Any CPU
		{B24C1FF3-C5E0-4B61-BF5A-D354A249961A}.Debug|Any CPU.Build.0 = Debug|Any CPU
		{B24C1FF3-C5E0-4B61-BF5A-D354A249961A}.Release|Any CPU.ActiveCfg = Release|Any CPU
		{B24C1FF3-C5E0-4B61-BF5A-D354A249961A}.Release|Any CPU.Build.0 = Release|Any CPU
	EndGlobalSection
	GlobalSection(SolutionProperties) = preSolution
		HideSolutionNode = FALSE
	EndGlobalSection
	GlobalSection(ExtensibilityGlobals) = postSolution
		SolutionGuid = {259A31A9-44AE-4B23-B878-D39C95B35C63}
	EndGlobalSection
EndGlobal
